
Microsoft Visual Studio Solution File, Format Version 12.00
# Visual Studio Version 16
VisualStudioVersion = 16.0.29009.5
MinimumVisualStudioVersion = 10.0.40219.1
Project("{FAE04EC0-301F-11D3-BF4B-00C04F79EFBC}") = "Latis R.Engine Key Constructor", "Latis R.Engine Key Constructor.csproj", "{F06E1F54-6B6C-48A4-B1BC-A5EAB1A0F68E}"
EndProject
Global
	GlobalSection(SolutionConfigurationPlatforms) = preSolution
		Debug|Any CPU = Debug|Any CPU
		Release|Any CPU = Release|Any CPU
	EndGlobalSection
	GlobalSection(ProjectConfigurationPlatforms) = postSolution
		{F06E1F54-6B6C-48A4-B1BC-A5EAB1A0F68E}.Debug|Any CPU.ActiveCfg = Debug|Any CPU
		{F06E1F54-6B6C-48A4-B1BC-A5EAB1A0F68E}.Debug|Any CPU.Build.0 = Debug|Any CPU
		{F06E1F54-6B6C-48A4-B1BC-A5EAB1A0F68E}.Release|Any CPU.ActiveCfg = Release|Any CPU
		{F06E1F54-6B6C-48A4-B1BC-A5EAB1A0F68E}.Release|Any CPU.Build.0 = Release|Any CPU
	EndGlobalSection
	GlobalSection(SolutionProperties) = preSolution
		HideSolutionNode = FALSE
	EndGlobalSection
	GlobalSection(ExtensibilityGlobals) = postSolution
		SolutionGuid = {B83F780F-A644-471E-9AFB-003442E93833}
	EndGlobalSection
EndGlobal
